
Microsoft Visual Studio Solution File, Format Version 12.00
# Visual Studio Version 16
VisualStudioVersion = 16.0.30225.117
MinimumVisualStudioVersion = 10.0.40219.1
Project("{FAE04EC0-301F-11D3-BF4B-00C04F79EFBC}") = "LinqBasic", "LinqBasic\LinqBasic.csproj", "{38B9CDC9-ED7A-44DC-B8C5-45DB21D5EACF}"
EndProject
Global
	GlobalSection(SolutionConfigurationPlatforms) = preSolution
		Debug|Any CPU = Debug|Any CPU
		Release|Any CPU = Release|Any CPU
	EndGlobalSection
	GlobalSection(ProjectConfigurationPlatforms) = postSolution
		{38B9CDC9-ED7A-44DC-B8C5-45DB21D5EACF}.Debug|Any CPU.ActiveCfg = Debug|Any CPU
		{38B9CDC9-ED7A-44DC-B8C5-45DB21D5EACF}.Debug|Any CPU.Build.0 = Debug|Any CPU
		{38B9CDC9-ED7A-44DC-B8C5-45DB21D5EACF}.Release|Any CPU.ActiveCfg = Release|Any CPU
		{38B9CDC9-ED7A-44DC-B8C5-45DB21D5EACF}.Release|Any CPU.Build.0 = Release|Any CPU
	EndGlobalSection
	GlobalSection(SolutionProperties) = preSolution
		HideSolutionNode = FALSE
	EndGlobalSection
	GlobalSection(ExtensibilityGlobals) = postSolution
		SolutionGuid = {181DAC9B-9197-4AF1-90CE-4EDA658CE3D3}
	EndGlobalSection
EndGlobal
